
Microsoft Visual Studio Solution File, Format Version 12.00
# Visual Studio Version 17
VisualStudioVersion = 17.8.34330.188
MinimumVisualStudioVersion = 10.0.40219.1
Project("{FAE04EC0-301F-11D3-BF4B-00C04F79EFBC}") = "Kata", "Kata.csproj", "{47595D54-8713-47A8-8605-816F4F193B91}"
EndProject
Project("{FAE04EC0-301F-11D3-BF4B-00C04F79EFBC}") = "KataTests", "..\KataTests\KataTests.csproj", "{3DFE9F7D-692B-428C-97AD-4ECB3E80594D}"
EndProject
Global
	GlobalSection(SolutionConfigurationPlatforms) = preSolution
		Debug|Any CPU = Debug|Any CPU
		Release|Any CPU = Release|Any CPU
	EndGlobalSection
	GlobalSection(ProjectConfigurationPlatforms) = postSolution
		{47595D54-8713-47A8-8605-816F4F193B91}.Debug|Any CPU.ActiveCfg = Debug|Any CPU
		{47595D54-8713-47A8-8605-816F4F193B91}.Debug|Any CPU.Build.0 = Debug|Any CPU
		{47595D54-8713-47A8-8605-816F4F193B91}.Release|Any CPU.ActiveCfg = Release|Any CPU
		{47595D54-8713-47A8-8605-816F4F193B91}.Release|Any CPU.Build.0 = Release|Any CPU
		{3DFE9F7D-692B-428C-97AD-4ECB3E80594D}.Debug|Any CPU.ActiveCfg = Debug|Any CPU
		{3DFE9F7D-692B-428C-97AD-4ECB3E80594D}.Debug|Any CPU.Build.0 = Debug|Any CPU
		{3DFE9F7D-692B-428C-97AD-4ECB3E80594D}.Release|Any CPU.ActiveCfg = Release|Any CPU
		{3DFE9F7D-692B-428C-97AD-4ECB3E80594D}.Release|Any CPU.Build.0 = Release|Any CPU
	EndGlobalSection
	GlobalSection(SolutionProperties) = preSolution
		HideSolutionNode = FALSE
	EndGlobalSection
	GlobalSection(ExtensibilityGlobals) = postSolution
		SolutionGuid = {7F452072-C42D-4075-A970-93EC11C0422A}
	EndGlobalSection
EndGlobal
